
Microsoft Visual Studio Solution File, Format Version 12.00
# Visual Studio Version 17
VisualStudioVersion = 17.5.2.0
MinimumVisualStudioVersion = 10.0.40219.1
Project("{FAE04EC0-301F-11D3-BF4B-00C04F79EFBC}") = "Jiang-Xiao - 複製", "Jiang-Xiao - 複製.csproj", "{3E980477-8892-3A4F-91B1-EA01A39FDC09}"
EndProject
Project("{FAE04EC0-301F-11D3-BF4B-00C04F79EFBC}") = "JiangXiao", "JiangXiao.csproj", "{B132DAFA-040F-5930-F868-6B3E68046D01}"
EndProject
Global
	GlobalSection(SolutionConfigurationPlatforms) = preSolution
		Debug|Any CPU = Debug|Any CPU
		Release|Any CPU = Release|Any CPU
	EndGlobalSection
	GlobalSection(ProjectConfigurationPlatforms) = postSolution
		{3E980477-8892-3A4F-91B1-EA01A39FDC09}.Debug|Any CPU.ActiveCfg = Debug|Any CPU
		{3E980477-8892-3A4F-91B1-EA01A39FDC09}.Debug|Any CPU.Build.0 = Debug|Any CPU
		{3E980477-8892-3A4F-91B1-EA01A39FDC09}.Release|Any CPU.ActiveCfg = Release|Any CPU
		{3E980477-8892-3A4F-91B1-EA01A39FDC09}.Release|Any CPU.Build.0 = Release|Any CPU
		{B132DAFA-040F-5930-F868-6B3E68046D01}.Debug|Any CPU.ActiveCfg = Debug|Any CPU
		{B132DAFA-040F-5930-F868-6B3E68046D01}.Debug|Any CPU.Build.0 = Debug|Any CPU
		{B132DAFA-040F-5930-F868-6B3E68046D01}.Release|Any CPU.ActiveCfg = Release|Any CPU
		{B132DAFA-040F-5930-F868-6B3E68046D01}.Release|Any CPU.Build.0 = Release|Any CPU
	EndGlobalSection
	GlobalSection(SolutionProperties) = preSolution
		HideSolutionNode = FALSE
	EndGlobalSection
	GlobalSection(ExtensibilityGlobals) = postSolution
		SolutionGuid = {F49C347F-F1B6-4044-8168-2B2BECAD8762}
	EndGlobalSection
EndGlobal
